
Microsoft Visual Studio Solution File, Format Version 12.00
# Visual Studio Version 17
VisualStudioVersion = 17.4.33110.190
MinimumVisualStudioVersion = 10.0.40219.1
Project("{FAE04EC0-301F-11D3-BF4B-00C04F79EFBC}") = "Assignment6", "Assignment6\Assignment6.csproj", "{8217BEA7-62DB-47FB-8125-733B9DBEF32D}"
EndProject
Global
	GlobalSection(SolutionConfigurationPlatforms) = preSolution
		Debug|Any CPU = Debug|Any CPU
		Release|Any CPU = Release|Any CPU
	EndGlobalSection
	GlobalSection(ProjectConfigurationPlatforms) = postSolution
		{8217BEA7-62DB-47FB-8125-733B9DBEF32D}.Debug|Any CPU.ActiveCfg = Debug|Any CPU
		{8217BEA7-62DB-47FB-8125-733B9DBEF32D}.Debug|Any CPU.Build.0 = Debug|Any CPU
		{8217BEA7-62DB-47FB-8125-733B9DBEF32D}.Release|Any CPU.ActiveCfg = Release|Any CPU
		{8217BEA7-62DB-47FB-8125-733B9DBEF32D}.Release|Any CPU.Build.0 = Release|Any CPU
	EndGlobalSection
	GlobalSection(SolutionProperties) = preSolution
		HideSolutionNode = FALSE
	EndGlobalSection
	GlobalSection(ExtensibilityGlobals) = postSolution
		SolutionGuid = {5CE3B7BB-0945-44F7-A31D-FD811A8CA6D2}
	EndGlobalSection
EndGlobal
